
Microsoft Visual Studio Solution File, Format Version 12.00
# Visual Studio Version 17
VisualStudioVersion = 17.9.34622.214
MinimumVisualStudioVersion = 10.0.40219.1
Project("{FAE04EC0-301F-11D3-BF4B-00C04F79EFBC}") = "CoinToss", "CoinToss.csproj", "{549E0BE7-235C-4067-A4D2-C658C17BBDE8}"
EndProject
Global
	GlobalSection(SolutionConfigurationPlatforms) = preSolution
		Debug|Any CPU = Debug|Any CPU
		Release|Any CPU = Release|Any CPU
	EndGlobalSection
	GlobalSection(ProjectConfigurationPlatforms) = postSolution
		{549E0BE7-235C-4067-A4D2-C658C17BBDE8}.Debug|Any CPU.ActiveCfg = Debug|Any CPU
		{549E0BE7-235C-4067-A4D2-C658C17BBDE8}.Debug|Any CPU.Build.0 = Debug|Any CPU
		{549E0BE7-235C-4067-A4D2-C658C17BBDE8}.Release|Any CPU.ActiveCfg = Release|Any CPU
		{549E0BE7-235C-4067-A4D2-C658C17BBDE8}.Release|Any CPU.Build.0 = Release|Any CPU
	EndGlobalSection
	GlobalSection(SolutionProperties) = preSolution
		HideSolutionNode = FALSE
	EndGlobalSection
	GlobalSection(ExtensibilityGlobals) = postSolution
		SolutionGuid = {38D9DA7B-0533-4AA0-8B71-DBD8EA6A90D9}
	EndGlobalSection
EndGlobal
