
Microsoft Visual Studio Solution File, Format Version 12.00
# Visual Studio Version 17
VisualStudioVersion = 17.9.34622.214
MinimumVisualStudioVersion = 10.0.40219.1
Project("{FAE04EC0-301F-11D3-BF4B-00C04F79EFBC}") = "THLab2GUITranslator", "THLab2GUITranslator.csproj", "{FD05BF15-8640-41A0-8FDD-C01721D103BA}"
EndProject
Global
	GlobalSection(SolutionConfigurationPlatforms) = preSolution
		Debug|Any CPU = Debug|Any CPU
		Release|Any CPU = Release|Any CPU
	EndGlobalSection
	GlobalSection(ProjectConfigurationPlatforms) = postSolution
		{FD05BF15-8640-41A0-8FDD-C01721D103BA}.Debug|Any CPU.ActiveCfg = Debug|Any CPU
		{FD05BF15-8640-41A0-8FDD-C01721D103BA}.Debug|Any CPU.Build.0 = Debug|Any CPU
		{FD05BF15-8640-41A0-8FDD-C01721D103BA}.Release|Any CPU.ActiveCfg = Release|Any CPU
		{FD05BF15-8640-41A0-8FDD-C01721D103BA}.Release|Any CPU.Build.0 = Release|Any CPU
	EndGlobalSection
	GlobalSection(SolutionProperties) = preSolution
		HideSolutionNode = FALSE
	EndGlobalSection
	GlobalSection(ExtensibilityGlobals) = postSolution
		SolutionGuid = {B6996B19-8F11-4ECC-A8E8-54D00180B7F0}
	EndGlobalSection
EndGlobal
