
Microsoft Visual Studio Solution File, Format Version 12.00
# Visual Studio Version 17
VisualStudioVersion = 17.9.34622.214
MinimumVisualStudioVersion = 10.0.40219.1
Project("{FAE04EC0-301F-11D3-BF4B-00C04F79EFBC}") = "TipTaxTotal", "TipTaxTotal.csproj", "{FCB28FC6-BC61-4EC2-B537-95CAB9059DAA}"
EndProject
Global
	GlobalSection(SolutionConfigurationPlatforms) = preSolution
		Debug|Any CPU = Debug|Any CPU
		Release|Any CPU = Release|Any CPU
	EndGlobalSection
	GlobalSection(ProjectConfigurationPlatforms) = postSolution
		{FCB28FC6-BC61-4EC2-B537-95CAB9059DAA}.Debug|Any CPU.ActiveCfg = Debug|Any CPU
		{FCB28FC6-BC61-4EC2-B537-95CAB9059DAA}.Debug|Any CPU.Build.0 = Debug|Any CPU
		{FCB28FC6-BC61-4EC2-B537-95CAB9059DAA}.Release|Any CPU.ActiveCfg = Release|Any CPU
		{FCB28FC6-BC61-4EC2-B537-95CAB9059DAA}.Release|Any CPU.Build.0 = Release|Any CPU
	EndGlobalSection
	GlobalSection(SolutionProperties) = preSolution
		HideSolutionNode = FALSE
	EndGlobalSection
	GlobalSection(ExtensibilityGlobals) = postSolution
		SolutionGuid = {22E3504C-93B3-41F1-AC14-5CFEC29A6B0D}
	EndGlobalSection
EndGlobal
